// !$*UTF8*$!
{
	archiveVersion = 1;
	classes = {
	};
	objectVersion = 55;
	objects = {

/* Begin PBXBuildFile section */
		4408882327EF6E070070AC59 /* Question.swift in Sources */ = {isa = PBXBuildFile; fileRef = 4408882227EF6E070070AC59 /* Question.swift */; };
		4408885C27F074A80070AC59 /* QuestionsViewController.swift in Sources */ = {isa = PBXBuildFile; fileRef = 4408885B27F074A80070AC59 /* QuestionsViewController.swift */; };
		4408885E27F074BB0070AC59 /* ResultsViewController.swift in Sources */ = {isa = PBXBuildFile; fileRef = 4408885D27F074BB0070AC59 /* ResultsViewController.swift */; };
		44C52DE327EEF894005B4B69 /* AppDelegate.swift in Sources */ = {isa = PBXBuildFile; fileRef = 44C52DE227EEF894005B4B69 /* AppDelegate.swift */; };
		44C52DE527EEF894005B4B69 /* SceneDelegate.swift in Sources */ = {isa = PBXBuildFile; fileRef = 44C52DE427EEF894005B4B69 /* SceneDelegate.swift */; };
		44C52DE727EEF894005B4B69 /* IntoductionViewController.swift in Sources */ = {isa = PBXBuildFile; fileRef = 44C52DE627EEF894005B4B69 /* IntoductionViewController.swift */; };
		44C52DEA27EEF894005B4B69 /* Main.storyboard in Resources */ = {isa = PBXBuildFile; fileRef = 44C52DE827EEF894005B4B69 /* Main.storyboard */; };
		44C52DEC27EEF895005B4B69 /* Assets.xcassets in Resources */ = {isa = PBXBuildFile; fileRef = 44C52DEB27EEF895005B4B69 /* Assets.xcassets */; };
		44C52DEF27EEF895005B4B69 /* LaunchScreen.storyboard in Resources */ = {isa = PBXBuildFile; fileRef = 44C52DED27EEF895005B4B69 /* LaunchScreen.storyboard */; };
/* End PBXBuildFile section */

/* Begin PBXFileReference section */
		4408882227EF6E070070AC59 /* Question.swift */ = {isa = PBXFileReference; lastKnownFileType = sourcecode.swift; path = Question.swift; sourceTree = "<group>"; };
		4408885B27F074A80070AC59 /* QuestionsViewController.swift */ = {isa = PBXFileReference; lastKnownFileType = sourcecode.swift; path = QuestionsViewController.swift; sourceTree = "<group>"; };
		4408885D27F074BB0070AC59 /* ResultsViewController.swift */ = {isa = PBXFileReference; lastKnownFileType = sourcecode.swift; path = ResultsViewController.swift; sourceTree = "<group>"; };
		44C52DDF27EEF894005B4B69 /* PersonalQuiz.app */ = {isa = PBXFileReference; explicitFileType = wrapper.application; includeInIndex = 0; path = PersonalQuiz.app; sourceTree = BUILT_PRODUCTS_DIR; };
		44C52DE227EEF894005B4B69 /* AppDelegate.swift */ = {isa = PBXFileReference; lastKnownFileType = sourcecode.swift; path = AppDelegate.swift; sourceTree = "<group>"; };
		44C52DE427EEF894005B4B69 /* SceneDelegate.swift */ = {isa = PBXFileReference; lastKnownFileType = sourcecode.swift; path = SceneDelegate.swift; sourceTree = "<group>"; };
		44C52DE627EEF894005B4B69 /* IntoductionViewController.swift */ = {isa = PBXFileReference; lastKnownFileType = sourcecode.swift; path = IntoductionViewController.swift; sourceTree = "<group>"; };
		44C52DE927EEF894005B4B69 /* Base */ = {isa = PBXFileReference; lastKnownFileType = file.storyboard; name = Base; path = Base.lproj/Main.storyboard; sourceTree = "<group>"; };
		44C52DEB27EEF895005B4B69 /* Assets.xcassets */ = {isa = PBXFileReference; lastKnownFileType = folder.assetcatalog; path = Assets.xcassets; sourceTree = "<group>"; };
		44C52DEE27EEF895005B4B69 /* Base */ = {isa = PBXFileReference; lastKnownFileType = file.storyboard; name = Base; path = Base.lproj/LaunchScreen.storyboard; sourceTree = "<group>"; };
		44C52DF027EEF895005B4B69 /* Info.plist */ = {isa = PBXFileReference; lastKnownFileType = text.plist.xml; path = Info.plist; sourceTree = "<group>"; };
/* End PBXFileReference section */

/* Begin PBXFrameworksBuildPhase section */
		44C52DDC27EEF894005B4B69 /* Frameworks */ = {
			isa = PBXFrameworksBuildPhase;
			buildActionMask = 2147483647;
			files = (
			);
			runOnlyForDeploymentPostprocessing = 0;
		};
/* End PBXFrameworksBuildPhase section */

/* Begin PBXGroup section */
		44C52DD627EEF894005B4B69 = {
			isa = PBXGroup;
			children = (
				44C52DE127EEF894005B4B69 /* PersonalQuiz */,
				44C52DE027EEF894005B4B69 /* Products */,
			);
			sourceTree = "<group>";
		};
		44C52DE027EEF894005B4B69 /* Products */ = {
			isa = PBXGroup;
			children = (
				44C52DDF27EEF894005B4B69 /* PersonalQuiz.app */,
			);
			name = Products;
			sourceTree = "<group>";
		};
		44C52DE127EEF894005B4B69 /* PersonalQuiz */ = {
			isa = PBXGroup;
			children = (
				44C52DF827EEF928005B4B69 /* Storyboards */,
				44C52DF627EEF8B1005B4B69 /* ViewControllers */,
				44C52DFA27EEF979005B4B69 /* Models */,
				44C52DF927EEF95A005B4B69 /* Resourses */,
				44C52DF727EEF8CD005B4B69 /* Supporting */,
			);
			path = PersonalQuiz;
			sourceTree = "<group>";
		};
		44C52DF627EEF8B1005B4B69 /* ViewControllers */ = {
			isa = PBXGroup;
			children = (
				44C52DE627EEF894005B4B69 /* IntoductionViewController.swift */,
				4408885B27F074A80070AC59 /* QuestionsViewController.swift */,
				4408885D27F074BB0070AC59 /* ResultsViewController.swift */,
			);
			path = ViewControllers;
			sourceTree = "<group>";
		};
		44C52DF727EEF8CD005B4B69 /* Supporting */ = {
			isa = PBXGroup;
			children = (
				44C52DE227EEF894005B4B69 /* AppDelegate.swift */,
				44C52DE427EEF894005B4B69 /* SceneDelegate.swift */,
				44C52DF027EEF895005B4B69 /* Info.plist */,
			);
			path = Supporting;
			sourceTree = "<group>";
		};
		44C52DF827EEF928005B4B69 /* Storyboards */ = {
			isa = PBXGroup;
			children = (
				44C52DE827EEF894005B4B69 /* Main.storyboard */,
				44C52DED27EEF895005B4B69 /* LaunchScreen.storyboard */,
			);
			path = Storyboards;
			sourceTree = "<group>";
		};
		44C52DF927EEF95A005B4B69 /* Resourses */ = {
			isa = PBXGroup;
			children = (
				44C52DEB27EEF895005B4B69 /* Assets.xcassets */,
			);
			path = Resourses;
			sourceTree = "<group>";
		};
		44C52DFA27EEF979005B4B69 /* Models */ = {
			isa = PBXGroup;
			children = (
				4408882227EF6E070070AC59 /* Question.swift */,
			);
			path = Models;
			sourceTree = "<group>";
		};
/* End PBXGroup section */

/* Begin PBXNativeTarget section */
		44C52DDE27EEF894005B4B69 /* PersonalQuiz */ = {
			isa = PBXNativeTarget;
			buildConfigurationList = 44C52DF327EEF895005B4B69 /* Build configuration list for PBXNativeTarget "PersonalQuiz" */;
			buildPhases = (
				44C52DDB27EEF894005B4B69 /* Sources */,
				44C52DDC27EEF894005B4B69 /* Frameworks */,
				44C52DDD27EEF894005B4B69 /* Resources */,
			);
			buildRules = (
			);
			dependencies = (
			);
			name = PersonalQuiz;
			productName = PersonalQuiz;
			productReference = 44C52DDF27EEF894005B4B69 /* PersonalQuiz.app */;
			productType = "com.apple.product-type.application";
		};
/* End PBXNativeTarget section */

/* Begin PBXProject section */
		44C52DD727EEF894005B4B69 /* Project object */ = {
			isa = PBXProject;
			attributes = {
				BuildIndependentTargetsInParallel = 1;
				LastSwiftUpdateCheck = 1330;
				LastUpgradeCheck = 1330;
				TargetAttributes = {
					44C52DDE27EEF894005B4B69 = {
						CreatedOnToolsVersion = 13.3;
					};
				};
			};
			buildConfigurationList = 44C52DDA27EEF894005B4B69 /* Build configuration list for PBXProject "PersonalQuiz" */;
			compatibilityVersion = "Xcode 13.0";
			developmentRegion = en;
			hasScannedForEncodings = 0;
			knownRegions = (
				en,
				Base,
			);
			mainGroup = 44C52DD627EEF894005B4B69;
			productRefGroup = 44C52DE027EEF894005B4B69 /* Products */;
			projectDirPath = "";
			projectRoot = "";
			targets = (
				44C52DDE27EEF894005B4B69 /* PersonalQuiz */,
			);
		};
/* End PBXProject section */

/* Begin PBXResourcesBuildPhase section */
		44C52DDD27EEF894005B4B69 /* Resources */ = {
			isa = PBXResourcesBuildPhase;
			buildActionMask = 2147483647;
			files = (
				44C52DEF27EEF895005B4B69 /* LaunchScreen.storyboard in Resources */,
				44C52DEC27EEF895005B4B69 /* Assets.xcassets in Resources */,
				44C52DEA27EEF894005B4B69 /* Main.storyboard in Resources */,
			);
			runOnlyForDeploymentPostprocessing = 0;
		};
/* End PBXResourcesBuildPhase section */

/* Begin PBXSourcesBuildPhase section */
		44C52DDB27EEF894005B4B69 /* Sources */ = {
			isa = PBXSourcesBuildPhase;
			buildActionMask = 2147483647;
			files = (
				44C52DE727EEF894005B4B69 /* IntoductionViewController.swift in Sources */,
				4408885C27F074A80070AC59 /* QuestionsViewController.swift in Sources */,
				4408882327EF6E070070AC59 /* Question.swift in Sources */,
				44C52DE327EEF894005B4B69 /* AppDelegate.swift in Sources */,
				44C52DE527EEF894005B4B69 /* SceneDelegate.swift in Sources */,
				4408885E27F074BB0070AC59 /* ResultsViewController.swift in Sources */,
			);
			runOnlyForDeploymentPostprocessing = 0;
		};
/* End PBXSourcesBuildPhase section */

/* Begin PBXVariantGroup section */
		44C52DE827EEF894005B4B69 /* Main.storyboard */ = {
			isa = PBXVariantGroup;
			children = (
				44C52DE927EEF894005B4B69 /* Base */,
			);
			name = Main.storyboard;
			sourceTree = "<group>";
		};
		44C52DED27EEF895005B4B69 /* LaunchScreen.storyboard */ = {
			isa = PBXVariantGroup;
			children = (
				44C52DEE27EEF895005B4B69 /* Base */,
			);
			name = LaunchScreen.storyboard;
			sourceTree = "<group>";
		};
/* End PBXVariantGroup section */

/* Begin XCBuildConfiguration section */
		44C52DF127EEF895005B4B69 /* Debug */ = {
			isa = XCBuildConfiguration;
			buildSettings = {
				ALWAYS_SEARCH_USER_PATHS = NO;
				CLANG_ANALYZER_NONNULL = YES;
				CLANG_ANALYZER_NUMBER_OBJECT_CONVERSION = YES_AGGRESSIVE;
				CLANG_CXX_LANGUAGE_STANDARD = "gnu++17";
				CLANG_ENABLE_MODULES = YES;
				CLANG_ENABLE_OBJC_ARC = YES;
				CLANG_ENABLE_OBJC_WEAK = YES;
				CLANG_WARN_BLOCK_CAPTURE_AUTORELEASING = YES;
				CLANG_WARN_BOOL_CONVERSION = YES;
				CLANG_WARN_COMMA = YES;
				CLANG_WARN_CONSTANT_CONVERSION = YES;
				CLANG_WARN_DEPRECATED_OBJC_IMPLEMENTATIONS = YES;
				CLANG_WARN_DIRECT_OBJC_ISA_USAGE = YES_ERROR;
				CLANG_WARN_DOCUMENTATION_COMMENTS = YES;
				CLANG_WARN_EMPTY_BODY = YES;
				CLANG_WARN_ENUM_CONVERSION = YES;
				CLANG_WARN_INFINITE_RECURSION = YES;
				CLANG_WARN_INT_CONVERSION = YES;
				CLANG_WARN_NON_LITERAL_NULL_CONVERSION = YES;
				CLANG_WARN_OBJC_IMPLICIT_RETAIN_SELF = YES;
				CLANG_WARN_OBJC_LITERAL_CONVERSION = YES;
				CLANG_WARN_OBJC_ROOT_CLASS = YES_ERROR;
				CLANG_WARN_QUOTED_INCLUDE_IN_FRAMEWORK_HEADER = YES;
				CLANG_WARN_RANGE_LOOP_ANALYSIS = YES;
				CLANG_WARN_STRICT_PROTOTYPES = YES;
				CLANG_WARN_SUSPICIOUS_MOVE = YES;
				CLANG_WARN_UNGUARDED_AVAILABILITY = YES_AGGRESSIVE;
				CLANG_WARN_UNREACHABLE_CODE = YES;
				CLANG_WARN__DUPLICATE_METHOD_MATCH = YES;
				COPY_PHASE_STRIP = NO;
				DEBUG_INFORMATION_FORMAT = dwarf;
				ENABLE_STRICT_OBJC_MSGSEND = YES;
				ENABLE_TESTABILITY = YES;
				GCC_C_LANGUAGE_STANDARD = gnu11;
				GCC_DYNAMIC_NO_PIC = NO;
				GCC_NO_COMMON_BLOCKS = YES;
				GCC_OPTIMIZATION_LEVEL = 0;
				GCC_PREPROCESSOR_DEFINITIONS = (
					"DEBUG=1",
					"$(inherited)",
				);
				GCC_WARN_64_TO_32_BIT_CONVERSION = YES;
				GCC_WARN_ABOUT_RETURN_TYPE = YES_ERROR;
				GCC_WARN_UNDECLARED_SELECTOR = YES;
				GCC_WARN_UNINITIALIZED_AUTOS = YES_AGGRESSIVE;
				GCC_WARN_UNUSED_FUNCTION = YES;
				GCC_WARN_UNUSED_VARIABLE = YES;
				IPHONEOS_DEPLOYMENT_TARGET = 15.4;
				MTL_ENABLE_DEBUG_INFO = INCLUDE_SOURCE;
				MTL_FAST_MATH = YES;
				ONLY_ACTIVE_ARCH = YES;
				SDKROOT = iphoneos;
				SWIFT_ACTIVE_COMPILATION_CONDITIONS = DEBUG;
				SWIFT_OPTIMIZATION_LEVEL = "-Onone";
			};
			name = Debug;
		};
		44C52DF227EEF895005B4B69 /* Release */ = {
			isa = XCBuildConfiguration;
			buildSettings = {
				ALWAYS_SEARCH_USER_PATHS = NO;
				CLANG_ANALYZER_NONNULL = YES;
				CLANG_ANALYZER_NUMBER_OBJECT_CONVERSION = YES_AGGRESSIVE;
				CLANG_CXX_LANGUAGE_STANDARD = "gnu++17";
				CLANG_ENABLE_MODULES = YES;
				CLANG_ENABLE_OBJC_ARC = YES;
				CLANG_ENABLE_OBJC_WEAK = YES;
				CLANG_WARN_BLOCK_CAPTURE_AUTORELEASING = YES;
				CLANG_WARN_BOOL_CONVERSION = YES;
				CLANG_WARN_COMMA = YES;
				CLANG_WARN_CONSTANT_CONVERSION = YES;
				CLANG_WARN_DEPRECATED_OBJC_IMPLEMENTATIONS = YES;
				CLANG_WARN_DIRECT_OBJC_ISA_USAGE = YES_ERROR;
				CLANG_WARN_DOCUMENTATION_COMMENTS = YES;
				CLANG_WARN_EMPTY_BODY = YES;
				CLANG_WARN_ENUM_CONVERSION = YES;
				CLANG_WARN_INFINITE_RECURSION = YES;
				CLANG_WARN_INT_CONVERSION = YES;
				CLANG_WARN_NON_LITERAL_NULL_CONVERSION = YES;
				CLANG_WARN_OBJC_IMPLICIT_RETAIN_SELF = YES;
				CLANG_WARN_OBJC_LITERAL_CONVERSION = YES;
				CLANG_WARN_OBJC_ROOT_CLASS = YES_ERROR;
				CLANG_WARN_QUOTED_INCLUDE_IN_FRAMEWORK_HEADER = YES;
				CLANG_WARN_RANGE_LOOP_ANALYSIS = YES;
				CLANG_WARN_STRICT_PROTOTYPES = YES;
				CLANG_WARN_SUSPICIOUS_MOVE = YES;
				CLANG_WARN_UNGUARDED_AVAILABILITY = YES_AGGRESSIVE;
				CLANG_WARN_UNREACHABLE_CODE = YES;
				CLANG_WARN__DUPLICATE_METHOD_MATCH = YES;
				COPY_PHASE_STRIP = NO;
				DEBUG_INFORMATION_FORMAT = "dwarf-with-dsym";
				ENABLE_NS_ASSERTIONS = NO;
				ENABLE_STRICT_OBJC_MSGSEND = YES;
				GCC_C_LANGUAGE_STANDARD = gnu11;
				GCC_NO_COMMON_BLOCKS = YES;
				GCC_WARN_64_TO_32_BIT_CONVERSION = YES;
				GCC_WARN_ABOUT_RETURN_TYPE = YES_ERROR;
				GCC_WARN_UNDECLARED_SELECTOR = YES;
				GCC_WARN_UNINITIALIZED_AUTOS = YES_AGGRESSIVE;
				GCC_WARN_UNUSED_FUNCTION = YES;
				GCC_WARN_UNUSED_VARIABLE = YES;
				IPHONEOS_DEPLOYMENT_TARGET = 15.4;
				MTL_ENABLE_DEBUG_INFO = NO;
				MTL_FAST_MATH = YES;
				SDKROOT = iphoneos;
				SWIFT_COMPILATION_MODE = wholemodule;
				SWIFT_OPTIMIZATION_LEVEL = "-O";
				VALIDATE_PRODUCT = YES;
			};
			name = Release;
		};
		44C52DF427EEF895005B4B69 /* Debug */ = {
			isa = XCBuildConfiguration;
			buildSettings = {
				ASSETCATALOG_COMPILER_APPICON_NAME = AppIcon;
				ASSETCATALOG_COMPILER_GLOBAL_ACCENT_COLOR_NAME = AccentColor;
				CODE_SIGN_STYLE = Automatic;
				CURRENT_PROJECT_VERSION = 1;
				DEVELOPMENT_TEAM = 9FK38VJ3T7;
				GENERATE_INFOPLIST_FILE = YES;
				INFOPLIST_FILE = PersonalQuiz/Supporting/Info.plist;
				INFOPLIST_KEY_UIApplicationSupportsIndirectInputEvents = YES;
				INFOPLIST_KEY_UILaunchStoryboardName = LaunchScreen;
				INFOPLIST_KEY_UIMainStoryboardFile = Main;
				INFOPLIST_KEY_UISupportedInterfaceOrientations_iPad = "UIInterfaceOrientationPortrait UIInterfaceOrientationPortraitUpsideDown UIInterfaceOrientationLandscapeLeft UIInterfaceOrientationLandscapeRight";
				INFOPLIST_KEY_UISupportedInterfaceOrientations_iPhone = "UIInterfaceOrientationPortrait UIInterfaceOrientationLandscapeLeft UIInterfaceOrientationLandscapeRight";
				LD_RUNPATH_SEARCH_PATHS = (
					"$(inherited)",
					"@executable_path/Frameworks",
				);
				MARKETING_VERSION = 1.0;
				PRODUCT_BUNDLE_IDENTIFIER = "Odintsov-Greg.PersonalQuiz";
				PRODUCT_NAME = "$(TARGET_NAME)";
				SWIFT_EMIT_LOC_STRINGS = YES;
				SWIFT_VERSION = 5.0;
				TARGETED_DEVICE_FAMILY = "1,2";
			};
			name = Debug;
		};
		44C52DF527EEF895005B4B69 /* Release */ = {
			isa = XCBuildConfiguration;
			buildSettings = {
				ASSETCATALOG_COMPILER_APPICON_NAME = AppIcon;
				ASSETCATALOG_COMPILER_GLOBAL_ACCENT_COLOR_NAME = AccentColor;
				CODE_SIGN_STYLE = Automatic;
				CURRENT_PROJECT_VERSION = 1;
				DEVELOPMENT_TEAM = 9FK38VJ3T7;
				GENERATE_INFOPLIST_FILE = YES;
				INFOPLIST_FILE = PersonalQuiz/Supporting/Info.plist;
				INFOPLIST_KEY_UIApplicationSupportsIndirectInputEvents = YES;
				INFOPLIST_KEY_UILaunchStoryboardName = LaunchScreen;
				INFOPLIST_KEY_UIMainStoryboardFile = Main;
				INFOPLIST_KEY_UISupportedInterfaceOrientations_iPad = "UIInterfaceOrientationPortrait UIInterfaceOrientationPortraitUpsideDown UIInterfaceOrientationLandscapeLeft UIInterfaceOrientationLandscapeRight";
				INFOPLIST_KEY_UISupportedInterfaceOrientations_iPhone = "UIInterfaceOrientationPortrait UIInterfaceOrientationLandscapeLeft UIInterfaceOrientationLandscapeRight";
				LD_RUNPATH_SEARCH_PATHS = (
					"$(inherited)",
					"@executable_path/Frameworks",
				);
				MARKETING_VERSION = 1.0;
				PRODUCT_BUNDLE_IDENTIFIER = "Odintsov-Greg.PersonalQuiz";
				PRODUCT_NAME = "$(TARGET_NAME)";
				SWIFT_EMIT_LOC_STRINGS = YES;
				SWIFT_VERSION = 5.0;
				TARGETED_DEVICE_FAMILY = "1,2";
			};
			name = Release;
		};
/* End XCBuildConfiguration section */

/* Begin XCConfigurationList section */
		44C52DDA27EEF894005B4B69 /* Build configuration list for PBXProject "PersonalQuiz" */ = {
			isa = XCConfigurationList;
			buildConfigurations = (
				44C52DF127EEF895005B4B69 /* Debug */,
				44C52DF227EEF895005B4B69 /* Release */,
			);
			defaultConfigurationIsVisible = 0;
			defaultConfigurationName = Release;
		};
		44C52DF327EEF895005B4B69 /* Build configuration list for PBXNativeTarget "PersonalQuiz" */ = {
			isa = XCConfigurationList;
			buildConfigurations = (
				44C52DF427EEF895005B4B69 /* Debug */,
				44C52DF527EEF895005B4B69 /* Release */,
			);
			defaultConfigurationIsVisible = 0;
			defaultConfigurationName = Release;
		};
/* End XCConfigurationList section */
	};
	rootObject = 44C52DD727EEF894005B4B69 /* Project object */;
}
